
Microsoft Visual Studio Solution File, Format Version 12.00
# Visual Studio Version 17
VisualStudioVersion = 17.3.32929.385
MinimumVisualStudioVersion = 10.0.40219.1
Project("{FAE04EC0-301F-11D3-BF4B-00C04F79EFBC}") = "Domain", "Domain\Domain.csproj", "{24D1E74D-CA60-413C-B4EF-8A6192D10306}"
EndProject
Project("{FAE04EC0-301F-11D3-BF4B-00C04F79EFBC}") = "Infrastructure", "Infrastructure\Infrastructure.csproj", "{46F928F1-DC9F-4DC3-9761-F3D905CE963B}"
EndProject
Project("{FAE04EC0-301F-11D3-BF4B-00C04F79EFBC}") = "Application", "Application\Application.csproj", "{0ABFD452-8ADB-4E47-BEFE-8A5480CFD2A1}"
EndProject
Project("{FAE04EC0-301F-11D3-BF4B-00C04F79EFBC}") = "WebAPI", "WebAPI\WebAPI.csproj", "{72AAB6B1-9FCA-454F-B17C-84E0474CA4A3}"
EndProject
Global
	GlobalSection(SolutionConfigurationPlatforms) = preSolution
		Debug|Any CPU = Debug|Any CPU
		Release|Any CPU = Release|Any CPU
	EndGlobalSection
	GlobalSection(ProjectConfigurationPlatforms) = postSolution
		{24D1E74D-CA60-413C-B4EF-8A6192D10306}.Debug|Any CPU.ActiveCfg = Debug|Any CPU
		{24D1E74D-CA60-413C-B4EF-8A6192D10306}.Debug|Any CPU.Build.0 = Debug|Any CPU
		{24D1E74D-CA60-413C-B4EF-8A6192D10306}.Release|Any CPU.ActiveCfg = Release|Any CPU
		{24D1E74D-CA60-413C-B4EF-8A6192D10306}.Release|Any CPU.Build.0 = Release|Any CPU
		{46F928F1-DC9F-4DC3-9761-F3D905CE963B}.Debug|Any CPU.ActiveCfg = Debug|Any CPU
		{46F928F1-DC9F-4DC3-9761-F3D905CE963B}.Debug|Any CPU.Build.0 = Debug|Any CPU
		{46F928F1-DC9F-4DC3-9761-F3D905CE963B}.Release|Any CPU.ActiveCfg = Release|Any CPU
		{46F928F1-DC9F-4DC3-9761-F3D905CE963B}.Release|Any CPU.Build.0 = Release|Any CPU
		{0ABFD452-8ADB-4E47-BEFE-8A5480CFD2A1}.Debug|Any CPU.ActiveCfg = Debug|Any CPU
		{0ABFD452-8ADB-4E47-BEFE-8A5480CFD2A1}.Debug|Any CPU.Build.0 = Debug|Any CPU
		{0ABFD452-8ADB-4E47-BEFE-8A5480CFD2A1}.Release|Any CPU.ActiveCfg = Release|Any CPU
		{0ABFD452-8ADB-4E47-BEFE-8A5480CFD2A1}.Release|Any CPU.Build.0 = Release|Any CPU
		{72AAB6B1-9FCA-454F-B17C-84E0474CA4A3}.Debug|Any CPU.ActiveCfg = Debug|Any CPU
		{72AAB6B1-9FCA-454F-B17C-84E0474CA4A3}.Debug|Any CPU.Build.0 = Debug|Any CPU
		{72AAB6B1-9FCA-454F-B17C-84E0474CA4A3}.Release|Any CPU.ActiveCfg = Release|Any CPU
		{72AAB6B1-9FCA-454F-B17C-84E0474CA4A3}.Release|Any CPU.Build.0 = Release|Any CPU
	EndGlobalSection
	GlobalSection(SolutionProperties) = preSolution
		HideSolutionNode = FALSE
	EndGlobalSection
	GlobalSection(ExtensibilityGlobals) = postSolution
		SolutionGuid = {6D79595D-2AAE-48CF-8EFC-2C0CFCCE9FFE}
	EndGlobalSection
EndGlobal
